
Microsoft Visual Studio Solution File, Format Version 12.00
# Visual Studio Version 17
VisualStudioVersion = 17.5.33530.505
MinimumVisualStudioVersion = 10.0.40219.1
Project("{FAE04EC0-301F-11D3-BF4B-00C04F79EFBC}") = "ImoveisHelperFunction", "ImoveisHelperFunction\ImoveisHelperFunction.csproj", "{3C3CC296-E105-46AC-8852-FB13382B1B70}"
EndProject
Global
	GlobalSection(SolutionConfigurationPlatforms) = preSolution
		Debug|Any CPU = Debug|Any CPU
		Release|Any CPU = Release|Any CPU
	EndGlobalSection
	GlobalSection(ProjectConfigurationPlatforms) = postSolution
		{3C3CC296-E105-46AC-8852-FB13382B1B70}.Debug|Any CPU.ActiveCfg = Debug|Any CPU
		{3C3CC296-E105-46AC-8852-FB13382B1B70}.Debug|Any CPU.Build.0 = Debug|Any CPU
		{3C3CC296-E105-46AC-8852-FB13382B1B70}.Release|Any CPU.ActiveCfg = Release|Any CPU
		{3C3CC296-E105-46AC-8852-FB13382B1B70}.Release|Any CPU.Build.0 = Release|Any CPU
	EndGlobalSection
	GlobalSection(SolutionProperties) = preSolution
		HideSolutionNode = FALSE
	EndGlobalSection
	GlobalSection(ExtensibilityGlobals) = postSolution
		SolutionGuid = {3A765C64-E5D6-46A4-9DDF-B4927355BC29}
	EndGlobalSection
EndGlobal
